
Microsoft Visual Studio Solution File, Format Version 12.00
# Visual Studio Version 16
VisualStudioVersion = 16.0.30114.105
MinimumVisualStudioVersion = 10.0.40219.1
Project("{9A19103F-16F7-4668-BE54-9A1E7A4F7556}") = "Domain", "Domain\Domain.csproj", "{A408F2EB-1C3E-4022-A4E6-9055DECFCA0A}"
EndProject
Project("{9A19103F-16F7-4668-BE54-9A1E7A4F7556}") = "ConsoleApp", "ConsoleApp\ConsoleApp.csproj", "{7A51DEE2-D5F6-4EAE-91E1-C62BE5FC3FFE}"
EndProject
Project("{FAE04EC0-301F-11D3-BF4B-00C04F79EFBC}") = "ArtificialIntelligence", "ArtificialIntelligence\ArtificialIntelligence.csproj", "{F4F31111-D172-4099-AEC9-2B633801B904}"
EndProject
Global
	GlobalSection(SolutionConfigurationPlatforms) = preSolution
		Debug|Any CPU = Debug|Any CPU
		Debug|x64 = Debug|x64
		Debug|x86 = Debug|x86
		Release|Any CPU = Release|Any CPU
		Release|x64 = Release|x64
		Release|x86 = Release|x86
	EndGlobalSection
	GlobalSection(ProjectConfigurationPlatforms) = postSolution
		{A408F2EB-1C3E-4022-A4E6-9055DECFCA0A}.Debug|Any CPU.ActiveCfg = Debug|Any CPU
		{A408F2EB-1C3E-4022-A4E6-9055DECFCA0A}.Debug|Any CPU.Build.0 = Debug|Any CPU
		{A408F2EB-1C3E-4022-A4E6-9055DECFCA0A}.Debug|x64.ActiveCfg = Debug|Any CPU
		{A408F2EB-1C3E-4022-A4E6-9055DECFCA0A}.Debug|x64.Build.0 = Debug|Any CPU
		{A408F2EB-1C3E-4022-A4E6-9055DECFCA0A}.Debug|x86.ActiveCfg = Debug|Any CPU
		{A408F2EB-1C3E-4022-A4E6-9055DECFCA0A}.Debug|x86.Build.0 = Debug|Any CPU
		{A408F2EB-1C3E-4022-A4E6-9055DECFCA0A}.Release|Any CPU.ActiveCfg = Release|Any CPU
		{A408F2EB-1C3E-4022-A4E6-9055DECFCA0A}.Release|Any CPU.Build.0 = Release|Any CPU
		{A408F2EB-1C3E-4022-A4E6-9055DECFCA0A}.Release|x64.ActiveCfg = Release|Any CPU
		{A408F2EB-1C3E-4022-A4E6-9055DECFCA0A}.Release|x64.Build.0 = Release|Any CPU
		{A408F2EB-1C3E-4022-A4E6-9055DECFCA0A}.Release|x86.ActiveCfg = Release|Any CPU
		{A408F2EB-1C3E-4022-A4E6-9055DECFCA0A}.Release|x86.Build.0 = Release|Any CPU
		{7A51DEE2-D5F6-4EAE-91E1-C62BE5FC3FFE}.Debug|Any CPU.ActiveCfg = Debug|Any CPU
		{7A51DEE2-D5F6-4EAE-91E1-C62BE5FC3FFE}.Debug|Any CPU.Build.0 = Debug|Any CPU
		{7A51DEE2-D5F6-4EAE-91E1-C62BE5FC3FFE}.Debug|x64.ActiveCfg = Debug|Any CPU
		{7A51DEE2-D5F6-4EAE-91E1-C62BE5FC3FFE}.Debug|x64.Build.0 = Debug|Any CPU
		{7A51DEE2-D5F6-4EAE-91E1-C62BE5FC3FFE}.Debug|x86.ActiveCfg = Debug|Any CPU
		{7A51DEE2-D5F6-4EAE-91E1-C62BE5FC3FFE}.Debug|x86.Build.0 = Debug|Any CPU
		{7A51DEE2-D5F6-4EAE-91E1-C62BE5FC3FFE}.Release|Any CPU.ActiveCfg = Release|Any CPU
		{7A51DEE2-D5F6-4EAE-91E1-C62BE5FC3FFE}.Release|Any CPU.Build.0 = Release|Any CPU
		{7A51DEE2-D5F6-4EAE-91E1-C62BE5FC3FFE}.Release|x64.ActiveCfg = Release|Any CPU
		{7A51DEE2-D5F6-4EAE-91E1-C62BE5FC3FFE}.Release|x64.Build.0 = Release|Any CPU
		{7A51DEE2-D5F6-4EAE-91E1-C62BE5FC3FFE}.Release|x86.ActiveCfg = Release|Any CPU
		{7A51DEE2-D5F6-4EAE-91E1-C62BE5FC3FFE}.Release|x86.Build.0 = Release|Any CPU
		{F4F31111-D172-4099-AEC9-2B633801B904}.Debug|Any CPU.ActiveCfg = Debug|Any CPU
		{F4F31111-D172-4099-AEC9-2B633801B904}.Debug|Any CPU.Build.0 = Debug|Any CPU
		{F4F31111-D172-4099-AEC9-2B633801B904}.Debug|x64.ActiveCfg = Debug|Any CPU
		{F4F31111-D172-4099-AEC9-2B633801B904}.Debug|x64.Build.0 = Debug|Any CPU
		{F4F31111-D172-4099-AEC9-2B633801B904}.Debug|x86.ActiveCfg = Debug|Any CPU
		{F4F31111-D172-4099-AEC9-2B633801B904}.Debug|x86.Build.0 = Debug|Any CPU
		{F4F31111-D172-4099-AEC9-2B633801B904}.Release|Any CPU.ActiveCfg = Release|Any CPU
		{F4F31111-D172-4099-AEC9-2B633801B904}.Release|Any CPU.Build.0 = Release|Any CPU
		{F4F31111-D172-4099-AEC9-2B633801B904}.Release|x64.ActiveCfg = Release|Any CPU
		{F4F31111-D172-4099-AEC9-2B633801B904}.Release|x64.Build.0 = Release|Any CPU
		{F4F31111-D172-4099-AEC9-2B633801B904}.Release|x86.ActiveCfg = Release|Any CPU
		{F4F31111-D172-4099-AEC9-2B633801B904}.Release|x86.Build.0 = Release|Any CPU
	EndGlobalSection
	GlobalSection(SolutionProperties) = preSolution
		HideSolutionNode = FALSE
	EndGlobalSection
	GlobalSection(ExtensibilityGlobals) = postSolution
		SolutionGuid = {98A7C179-9D94-4DA8-9CB4-AFAA485D5DA2}
	EndGlobalSection
EndGlobal
